
Microsoft Visual Studio Solution File, Format Version 12.00
# Visual Studio Version 17
VisualStudioVersion = 17.5.2.0
MinimumVisualStudioVersion = 10.0.40219.1
Project("{FAE04EC0-301F-11D3-BF4B-00C04F79EFBC}") = "Common", "\home\chihao\personal-project\persona-backend\Common\Common.csproj", "{AB387A0E-6CC0-6DD4-4ACC-D1E522BA85A2}"
EndProject
Project("{FAE04EC0-301F-11D3-BF4B-00C04F79EFBC}") = "Api", "\home\chihao\personal-project\persona-backend\Api\Api.csproj", "{2B575DB0-E951-9F0F-D631-0399053733C6}"
EndProject
Project("{2150E333-8FDC-42A3-9474-1A3956D46DE8}") = "Configuration", "Configuration", "{1ED04488-230B-86DB-8CF1-429704D2F8F4}"
EndProject
Project("{FAE04EC0-301F-11D3-BF4B-00C04F79EFBC}") = "AppSetting", "\home\chihao\personal-project\persona-backend\Configuration\AppSetting\AppSetting.csproj", "{7E78DE46-F3AE-B616-9FFC-FD7623391BDB}"
EndProject
Project("{FAE04EC0-301F-11D3-BF4B-00C04F79EFBC}") = "DependencyInjection", "\home\chihao\personal-project\persona-backend\Configuration\DependencyInjection\DependencyInjection.csproj", "{FDECBE39-1469-74AE-47F8-19D13D0E8850}"
EndProject
Project("{FAE04EC0-301F-11D3-BF4B-00C04F79EFBC}") = "SerilogLogger", "\home\chihao\personal-project\persona-backend\Configuration\SerilogLogger\SerilogLogger.csproj", "{4D4BEA7D-FA0E-2409-5F87-945E4B439EF7}"
EndProject
Project("{FAE04EC0-301F-11D3-BF4B-00C04F79EFBC}") = "Directory", "\home\chihao\personal-project\persona-backend\Configuration\Directory\Directory.csproj", "{55AB45E5-9836-7649-5792-D21010A4AE53}"
EndProject
Project("{FAE04EC0-301F-11D3-BF4B-00C04F79EFBC}") = "Swagger", "\home\chihao\personal-project\persona-backend\Configuration\Swagger\Swagger.csproj", "{9BDE415C-D2EA-FB4B-13D6-E299C9AB19B2}"
EndProject
Project("{FAE04EC0-301F-11D3-BF4B-00C04F79EFBC}") = "Cors", "\home\chihao\personal-project\persona-backend\Configuration\Cors\Cors.csproj", "{2207018E-9AF3-37EE-C85D-E19F98C22582}"
EndProject
Project("{FAE04EC0-301F-11D3-BF4B-00C04F79EFBC}") = "Controller", "\home\chihao\personal-project\persona-backend\Configuration\Controller\Controller.csproj", "{718F5212-A89B-1220-615D-AE4A7304D5BF}"
EndProject
Project("{FAE04EC0-301F-11D3-BF4B-00C04F79EFBC}") = "Postgres", "\home\chihao\personal-project\persona-backend\Configuration\Postgres\Postgres.csproj", "{4A0E66AD-998D-2E04-E6F1-BC0434CFEA39}"
EndProject
Project("{FAE04EC0-301F-11D3-BF4B-00C04F79EFBC}") = "ApiVersioning", "\home\chihao\personal-project\persona-backend\Configuration\ApiVersioning\ApiVersioning.csproj", "{B856D81C-900A-CBE4-6F5C-616802B0EDD0}"
EndProject
Project("{FAE04EC0-301F-11D3-BF4B-00C04F79EFBC}") = "HttpClient", "\home\chihao\personal-project\persona-backend\Configuration\HttpClient\HttpClient.csproj", "{F7B04DF6-267F-56CA-9955-2A6C17C8A135}"
EndProject
Project("{FAE04EC0-301F-11D3-BF4B-00C04F79EFBC}") = "ResponseCompression", "Configuration\ResponseCompression\ResponseCompression.csproj", "{4B6548B3-753B-46B5-BB77-46D0DE460DEC}"
EndProject
Project("{FAE04EC0-301F-11D3-BF4B-00C04F79EFBC}") = "DatabaseBroker", "Configuration\DatabaseBroker\DatabaseBroker.csproj", "{2362EF0C-2045-496F-B8F8-81AA855B307A}"
EndProject
Project("{FAE04EC0-301F-11D3-BF4B-00C04F79EFBC}") = "BCryptPasswordHasher", "Configuration\BCryptPasswordHasher\BCryptPasswordHasher.csproj", "{2984A5B1-4ADC-4155-9D1B-B3FE4E5843E2}"
EndProject
Project("{FAE04EC0-301F-11D3-BF4B-00C04F79EFBC}") = "QuartzScheduler", "Configuration\QuartzScheduler\QuartzScheduler.csproj", "{09B94CE1-AA03-412C-B24F-2ABCFB07B25A}"
EndProject
Global
	GlobalSection(SolutionConfigurationPlatforms) = preSolution
		Debug|Any CPU = Debug|Any CPU
		Debug|x64 = Debug|x64
		Debug|x86 = Debug|x86
		Release|Any CPU = Release|Any CPU
		Release|x64 = Release|x64
		Release|x86 = Release|x86
	EndGlobalSection
	GlobalSection(ProjectConfigurationPlatforms) = postSolution
		{AB387A0E-6CC0-6DD4-4ACC-D1E522BA85A2}.Debug|Any CPU.ActiveCfg = Debug|Any CPU
		{AB387A0E-6CC0-6DD4-4ACC-D1E522BA85A2}.Debug|Any CPU.Build.0 = Debug|Any CPU
		{AB387A0E-6CC0-6DD4-4ACC-D1E522BA85A2}.Debug|x64.ActiveCfg = Debug|Any CPU
		{AB387A0E-6CC0-6DD4-4ACC-D1E522BA85A2}.Debug|x64.Build.0 = Debug|Any CPU
		{AB387A0E-6CC0-6DD4-4ACC-D1E522BA85A2}.Debug|x86.ActiveCfg = Debug|Any CPU
		{AB387A0E-6CC0-6DD4-4ACC-D1E522BA85A2}.Debug|x86.Build.0 = Debug|Any CPU
		{AB387A0E-6CC0-6DD4-4ACC-D1E522BA85A2}.Release|Any CPU.ActiveCfg = Release|Any CPU
		{AB387A0E-6CC0-6DD4-4ACC-D1E522BA85A2}.Release|Any CPU.Build.0 = Release|Any CPU
		{AB387A0E-6CC0-6DD4-4ACC-D1E522BA85A2}.Release|x64.ActiveCfg = Release|Any CPU
		{AB387A0E-6CC0-6DD4-4ACC-D1E522BA85A2}.Release|x64.Build.0 = Release|Any CPU
		{AB387A0E-6CC0-6DD4-4ACC-D1E522BA85A2}.Release|x86.ActiveCfg = Release|Any CPU
		{AB387A0E-6CC0-6DD4-4ACC-D1E522BA85A2}.Release|x86.Build.0 = Release|Any CPU
		{2B575DB0-E951-9F0F-D631-0399053733C6}.Debug|Any CPU.ActiveCfg = Debug|Any CPU
		{2B575DB0-E951-9F0F-D631-0399053733C6}.Debug|Any CPU.Build.0 = Debug|Any CPU
		{2B575DB0-E951-9F0F-D631-0399053733C6}.Debug|x64.ActiveCfg = Debug|Any CPU
		{2B575DB0-E951-9F0F-D631-0399053733C6}.Debug|x64.Build.0 = Debug|Any CPU
		{2B575DB0-E951-9F0F-D631-0399053733C6}.Debug|x86.ActiveCfg = Debug|Any CPU
		{2B575DB0-E951-9F0F-D631-0399053733C6}.Debug|x86.Build.0 = Debug|Any CPU
		{2B575DB0-E951-9F0F-D631-0399053733C6}.Release|Any CPU.ActiveCfg = Release|Any CPU
		{2B575DB0-E951-9F0F-D631-0399053733C6}.Release|Any CPU.Build.0 = Release|Any CPU
		{2B575DB0-E951-9F0F-D631-0399053733C6}.Release|x64.ActiveCfg = Release|Any CPU
		{2B575DB0-E951-9F0F-D631-0399053733C6}.Release|x64.Build.0 = Release|Any CPU
		{2B575DB0-E951-9F0F-D631-0399053733C6}.Release|x86.ActiveCfg = Release|Any CPU
		{2B575DB0-E951-9F0F-D631-0399053733C6}.Release|x86.Build.0 = Release|Any CPU
		{7E78DE46-F3AE-B616-9FFC-FD7623391BDB}.Debug|Any CPU.ActiveCfg = Debug|Any CPU
		{7E78DE46-F3AE-B616-9FFC-FD7623391BDB}.Debug|Any CPU.Build.0 = Debug|Any CPU
		{7E78DE46-F3AE-B616-9FFC-FD7623391BDB}.Debug|x64.ActiveCfg = Debug|Any CPU
		{7E78DE46-F3AE-B616-9FFC-FD7623391BDB}.Debug|x64.Build.0 = Debug|Any CPU
		{7E78DE46-F3AE-B616-9FFC-FD7623391BDB}.Debug|x86.ActiveCfg = Debug|Any CPU
		{7E78DE46-F3AE-B616-9FFC-FD7623391BDB}.Debug|x86.Build.0 = Debug|Any CPU
		{7E78DE46-F3AE-B616-9FFC-FD7623391BDB}.Release|Any CPU.ActiveCfg = Release|Any CPU
		{7E78DE46-F3AE-B616-9FFC-FD7623391BDB}.Release|Any CPU.Build.0 = Release|Any CPU
		{7E78DE46-F3AE-B616-9FFC-FD7623391BDB}.Release|x64.ActiveCfg = Release|Any CPU
		{7E78DE46-F3AE-B616-9FFC-FD7623391BDB}.Release|x64.Build.0 = Release|Any CPU
		{7E78DE46-F3AE-B616-9FFC-FD7623391BDB}.Release|x86.ActiveCfg = Release|Any CPU
		{7E78DE46-F3AE-B616-9FFC-FD7623391BDB}.Release|x86.Build.0 = Release|Any CPU
		{FDECBE39-1469-74AE-47F8-19D13D0E8850}.Debug|Any CPU.ActiveCfg = Debug|Any CPU
		{FDECBE39-1469-74AE-47F8-19D13D0E8850}.Debug|Any CPU.Build.0 = Debug|Any CPU
		{FDECBE39-1469-74AE-47F8-19D13D0E8850}.Debug|x64.ActiveCfg = Debug|Any CPU
		{FDECBE39-1469-74AE-47F8-19D13D0E8850}.Debug|x64.Build.0 = Debug|Any CPU
		{FDECBE39-1469-74AE-47F8-19D13D0E8850}.Debug|x86.ActiveCfg = Debug|Any CPU
		{FDECBE39-1469-74AE-47F8-19D13D0E8850}.Debug|x86.Build.0 = Debug|Any CPU
		{FDECBE39-1469-74AE-47F8-19D13D0E8850}.Release|Any CPU.ActiveCfg = Release|Any CPU
		{FDECBE39-1469-74AE-47F8-19D13D0E8850}.Release|Any CPU.Build.0 = Release|Any CPU
		{FDECBE39-1469-74AE-47F8-19D13D0E8850}.Release|x64.ActiveCfg = Release|Any CPU
		{FDECBE39-1469-74AE-47F8-19D13D0E8850}.Release|x64.Build.0 = Release|Any CPU
		{FDECBE39-1469-74AE-47F8-19D13D0E8850}.Release|x86.ActiveCfg = Release|Any CPU
		{FDECBE39-1469-74AE-47F8-19D13D0E8850}.Release|x86.Build.0 = Release|Any CPU
		{4D4BEA7D-FA0E-2409-5F87-945E4B439EF7}.Debug|Any CPU.ActiveCfg = Debug|Any CPU
		{4D4BEA7D-FA0E-2409-5F87-945E4B439EF7}.Debug|Any CPU.Build.0 = Debug|Any CPU
		{4D4BEA7D-FA0E-2409-5F87-945E4B439EF7}.Debug|x64.ActiveCfg = Debug|Any CPU
		{4D4BEA7D-FA0E-2409-5F87-945E4B439EF7}.Debug|x64.Build.0 = Debug|Any CPU
		{4D4BEA7D-FA0E-2409-5F87-945E4B439EF7}.Debug|x86.ActiveCfg = Debug|Any CPU
		{4D4BEA7D-FA0E-2409-5F87-945E4B439EF7}.Debug|x86.Build.0 = Debug|Any CPU
		{4D4BEA7D-FA0E-2409-5F87-945E4B439EF7}.Release|Any CPU.ActiveCfg = Release|Any CPU
		{4D4BEA7D-FA0E-2409-5F87-945E4B439EF7}.Release|Any CPU.Build.0 = Release|Any CPU
		{4D4BEA7D-FA0E-2409-5F87-945E4B439EF7}.Release|x64.ActiveCfg = Release|Any CPU
		{4D4BEA7D-FA0E-2409-5F87-945E4B439EF7}.Release|x64.Build.0 = Release|Any CPU
		{4D4BEA7D-FA0E-2409-5F87-945E4B439EF7}.Release|x86.ActiveCfg = Release|Any CPU
		{4D4BEA7D-FA0E-2409-5F87-945E4B439EF7}.Release|x86.Build.0 = Release|Any CPU
		{55AB45E5-9836-7649-5792-D21010A4AE53}.Debug|Any CPU.ActiveCfg = Debug|Any CPU
		{55AB45E5-9836-7649-5792-D21010A4AE53}.Debug|Any CPU.Build.0 = Debug|Any CPU
		{55AB45E5-9836-7649-5792-D21010A4AE53}.Debug|x64.ActiveCfg = Debug|Any CPU
		{55AB45E5-9836-7649-5792-D21010A4AE53}.Debug|x64.Build.0 = Debug|Any CPU
		{55AB45E5-9836-7649-5792-D21010A4AE53}.Debug|x86.ActiveCfg = Debug|Any CPU
		{55AB45E5-9836-7649-5792-D21010A4AE53}.Debug|x86.Build.0 = Debug|Any CPU
		{55AB45E5-9836-7649-5792-D21010A4AE53}.Release|Any CPU.ActiveCfg = Release|Any CPU
		{55AB45E5-9836-7649-5792-D21010A4AE53}.Release|Any CPU.Build.0 = Release|Any CPU
		{55AB45E5-9836-7649-5792-D21010A4AE53}.Release|x64.ActiveCfg = Release|Any CPU
		{55AB45E5-9836-7649-5792-D21010A4AE53}.Release|x64.Build.0 = Release|Any CPU
		{55AB45E5-9836-7649-5792-D21010A4AE53}.Release|x86.ActiveCfg = Release|Any CPU
		{55AB45E5-9836-7649-5792-D21010A4AE53}.Release|x86.Build.0 = Release|Any CPU
		{9BDE415C-D2EA-FB4B-13D6-E299C9AB19B2}.Debug|Any CPU.ActiveCfg = Debug|Any CPU
		{9BDE415C-D2EA-FB4B-13D6-E299C9AB19B2}.Debug|Any CPU.Build.0 = Debug|Any CPU
		{9BDE415C-D2EA-FB4B-13D6-E299C9AB19B2}.Debug|x64.ActiveCfg = Debug|Any CPU
		{9BDE415C-D2EA-FB4B-13D6-E299C9AB19B2}.Debug|x64.Build.0 = Debug|Any CPU
		{9BDE415C-D2EA-FB4B-13D6-E299C9AB19B2}.Debug|x86.ActiveCfg = Debug|Any CPU
		{9BDE415C-D2EA-FB4B-13D6-E299C9AB19B2}.Debug|x86.Build.0 = Debug|Any CPU
		{9BDE415C-D2EA-FB4B-13D6-E299C9AB19B2}.Release|Any CPU.ActiveCfg = Release|Any CPU
		{9BDE415C-D2EA-FB4B-13D6-E299C9AB19B2}.Release|Any CPU.Build.0 = Release|Any CPU
		{9BDE415C-D2EA-FB4B-13D6-E299C9AB19B2}.Release|x64.ActiveCfg = Release|Any CPU
		{9BDE415C-D2EA-FB4B-13D6-E299C9AB19B2}.Release|x64.Build.0 = Release|Any CPU
		{9BDE415C-D2EA-FB4B-13D6-E299C9AB19B2}.Release|x86.ActiveCfg = Release|Any CPU
		{9BDE415C-D2EA-FB4B-13D6-E299C9AB19B2}.Release|x86.Build.0 = Release|Any CPU
		{2207018E-9AF3-37EE-C85D-E19F98C22582}.Debug|Any CPU.ActiveCfg = Debug|Any CPU
		{2207018E-9AF3-37EE-C85D-E19F98C22582}.Debug|Any CPU.Build.0 = Debug|Any CPU
		{2207018E-9AF3-37EE-C85D-E19F98C22582}.Debug|x64.ActiveCfg = Debug|Any CPU
		{2207018E-9AF3-37EE-C85D-E19F98C22582}.Debug|x64.Build.0 = Debug|Any CPU
		{2207018E-9AF3-37EE-C85D-E19F98C22582}.Debug|x86.ActiveCfg = Debug|Any CPU
		{2207018E-9AF3-37EE-C85D-E19F98C22582}.Debug|x86.Build.0 = Debug|Any CPU
		{2207018E-9AF3-37EE-C85D-E19F98C22582}.Release|Any CPU.ActiveCfg = Release|Any CPU
		{2207018E-9AF3-37EE-C85D-E19F98C22582}.Release|Any CPU.Build.0 = Release|Any CPU
		{2207018E-9AF3-37EE-C85D-E19F98C22582}.Release|x64.ActiveCfg = Release|Any CPU
		{2207018E-9AF3-37EE-C85D-E19F98C22582}.Release|x64.Build.0 = Release|Any CPU
		{2207018E-9AF3-37EE-C85D-E19F98C22582}.Release|x86.ActiveCfg = Release|Any CPU
		{2207018E-9AF3-37EE-C85D-E19F98C22582}.Release|x86.Build.0 = Release|Any CPU
		{718F5212-A89B-1220-615D-AE4A7304D5BF}.Debug|Any CPU.ActiveCfg = Debug|Any CPU
		{718F5212-A89B-1220-615D-AE4A7304D5BF}.Debug|Any CPU.Build.0 = Debug|Any CPU
		{718F5212-A89B-1220-615D-AE4A7304D5BF}.Debug|x64.ActiveCfg = Debug|Any CPU
		{718F5212-A89B-1220-615D-AE4A7304D5BF}.Debug|x64.Build.0 = Debug|Any CPU
		{718F5212-A89B-1220-615D-AE4A7304D5BF}.Debug|x86.ActiveCfg = Debug|Any CPU
		{718F5212-A89B-1220-615D-AE4A7304D5BF}.Debug|x86.Build.0 = Debug|Any CPU
		{718F5212-A89B-1220-615D-AE4A7304D5BF}.Release|Any CPU.ActiveCfg = Release|Any CPU
		{718F5212-A89B-1220-615D-AE4A7304D5BF}.Release|Any CPU.Build.0 = Release|Any CPU
		{718F5212-A89B-1220-615D-AE4A7304D5BF}.Release|x64.ActiveCfg = Release|Any CPU
		{718F5212-A89B-1220-615D-AE4A7304D5BF}.Release|x64.Build.0 = Release|Any CPU
		{718F5212-A89B-1220-615D-AE4A7304D5BF}.Release|x86.ActiveCfg = Release|Any CPU
		{718F5212-A89B-1220-615D-AE4A7304D5BF}.Release|x86.Build.0 = Release|Any CPU
		{4A0E66AD-998D-2E04-E6F1-BC0434CFEA39}.Debug|Any CPU.ActiveCfg = Debug|Any CPU
		{4A0E66AD-998D-2E04-E6F1-BC0434CFEA39}.Debug|Any CPU.Build.0 = Debug|Any CPU
		{4A0E66AD-998D-2E04-E6F1-BC0434CFEA39}.Debug|x64.ActiveCfg = Debug|Any CPU
		{4A0E66AD-998D-2E04-E6F1-BC0434CFEA39}.Debug|x64.Build.0 = Debug|Any CPU
		{4A0E66AD-998D-2E04-E6F1-BC0434CFEA39}.Debug|x86.ActiveCfg = Debug|Any CPU
		{4A0E66AD-998D-2E04-E6F1-BC0434CFEA39}.Debug|x86.Build.0 = Debug|Any CPU
		{4A0E66AD-998D-2E04-E6F1-BC0434CFEA39}.Release|Any CPU.ActiveCfg = Release|Any CPU
		{4A0E66AD-998D-2E04-E6F1-BC0434CFEA39}.Release|Any CPU.Build.0 = Release|Any CPU
		{4A0E66AD-998D-2E04-E6F1-BC0434CFEA39}.Release|x64.ActiveCfg = Release|Any CPU
		{4A0E66AD-998D-2E04-E6F1-BC0434CFEA39}.Release|x64.Build.0 = Release|Any CPU
		{4A0E66AD-998D-2E04-E6F1-BC0434CFEA39}.Release|x86.ActiveCfg = Release|Any CPU
		{4A0E66AD-998D-2E04-E6F1-BC0434CFEA39}.Release|x86.Build.0 = Release|Any CPU
		{B856D81C-900A-CBE4-6F5C-616802B0EDD0}.Debug|Any CPU.ActiveCfg = Debug|Any CPU
		{B856D81C-900A-CBE4-6F5C-616802B0EDD0}.Debug|Any CPU.Build.0 = Debug|Any CPU
		{B856D81C-900A-CBE4-6F5C-616802B0EDD0}.Debug|x64.ActiveCfg = Debug|Any CPU
		{B856D81C-900A-CBE4-6F5C-616802B0EDD0}.Debug|x64.Build.0 = Debug|Any CPU
		{B856D81C-900A-CBE4-6F5C-616802B0EDD0}.Debug|x86.ActiveCfg = Debug|Any CPU
		{B856D81C-900A-CBE4-6F5C-616802B0EDD0}.Debug|x86.Build.0 = Debug|Any CPU
		{B856D81C-900A-CBE4-6F5C-616802B0EDD0}.Release|Any CPU.ActiveCfg = Release|Any CPU
		{B856D81C-900A-CBE4-6F5C-616802B0EDD0}.Release|Any CPU.Build.0 = Release|Any CPU
		{B856D81C-900A-CBE4-6F5C-616802B0EDD0}.Release|x64.ActiveCfg = Release|Any CPU
		{B856D81C-900A-CBE4-6F5C-616802B0EDD0}.Release|x64.Build.0 = Release|Any CPU
		{B856D81C-900A-CBE4-6F5C-616802B0EDD0}.Release|x86.ActiveCfg = Release|Any CPU
		{B856D81C-900A-CBE4-6F5C-616802B0EDD0}.Release|x86.Build.0 = Release|Any CPU
		{F7B04DF6-267F-56CA-9955-2A6C17C8A135}.Debug|Any CPU.ActiveCfg = Debug|Any CPU
		{F7B04DF6-267F-56CA-9955-2A6C17C8A135}.Debug|Any CPU.Build.0 = Debug|Any CPU
		{F7B04DF6-267F-56CA-9955-2A6C17C8A135}.Debug|x64.ActiveCfg = Debug|Any CPU
		{F7B04DF6-267F-56CA-9955-2A6C17C8A135}.Debug|x64.Build.0 = Debug|Any CPU
		{F7B04DF6-267F-56CA-9955-2A6C17C8A135}.Debug|x86.ActiveCfg = Debug|Any CPU
		{F7B04DF6-267F-56CA-9955-2A6C17C8A135}.Debug|x86.Build.0 = Debug|Any CPU
		{F7B04DF6-267F-56CA-9955-2A6C17C8A135}.Release|Any CPU.ActiveCfg = Release|Any CPU
		{F7B04DF6-267F-56CA-9955-2A6C17C8A135}.Release|Any CPU.Build.0 = Release|Any CPU
		{F7B04DF6-267F-56CA-9955-2A6C17C8A135}.Release|x64.ActiveCfg = Release|Any CPU
		{F7B04DF6-267F-56CA-9955-2A6C17C8A135}.Release|x64.Build.0 = Release|Any CPU
		{F7B04DF6-267F-56CA-9955-2A6C17C8A135}.Release|x86.ActiveCfg = Release|Any CPU
		{F7B04DF6-267F-56CA-9955-2A6C17C8A135}.Release|x86.Build.0 = Release|Any CPU
		{4B6548B3-753B-46B5-BB77-46D0DE460DEC}.Debug|Any CPU.ActiveCfg = Debug|Any CPU
		{4B6548B3-753B-46B5-BB77-46D0DE460DEC}.Debug|Any CPU.Build.0 = Debug|Any CPU
		{4B6548B3-753B-46B5-BB77-46D0DE460DEC}.Debug|x64.ActiveCfg = Debug|Any CPU
		{4B6548B3-753B-46B5-BB77-46D0DE460DEC}.Debug|x64.Build.0 = Debug|Any CPU
		{4B6548B3-753B-46B5-BB77-46D0DE460DEC}.Debug|x86.ActiveCfg = Debug|Any CPU
		{4B6548B3-753B-46B5-BB77-46D0DE460DEC}.Debug|x86.Build.0 = Debug|Any CPU
		{4B6548B3-753B-46B5-BB77-46D0DE460DEC}.Release|Any CPU.ActiveCfg = Release|Any CPU
		{4B6548B3-753B-46B5-BB77-46D0DE460DEC}.Release|Any CPU.Build.0 = Release|Any CPU
		{4B6548B3-753B-46B5-BB77-46D0DE460DEC}.Release|x64.ActiveCfg = Release|Any CPU
		{4B6548B3-753B-46B5-BB77-46D0DE460DEC}.Release|x64.Build.0 = Release|Any CPU
		{4B6548B3-753B-46B5-BB77-46D0DE460DEC}.Release|x86.ActiveCfg = Release|Any CPU
		{4B6548B3-753B-46B5-BB77-46D0DE460DEC}.Release|x86.Build.0 = Release|Any CPU
		{2362EF0C-2045-496F-B8F8-81AA855B307A}.Debug|Any CPU.ActiveCfg = Debug|Any CPU
		{2362EF0C-2045-496F-B8F8-81AA855B307A}.Debug|Any CPU.Build.0 = Debug|Any CPU
		{2362EF0C-2045-496F-B8F8-81AA855B307A}.Debug|x64.ActiveCfg = Debug|Any CPU
		{2362EF0C-2045-496F-B8F8-81AA855B307A}.Debug|x64.Build.0 = Debug|Any CPU
		{2362EF0C-2045-496F-B8F8-81AA855B307A}.Debug|x86.ActiveCfg = Debug|Any CPU
		{2362EF0C-2045-496F-B8F8-81AA855B307A}.Debug|x86.Build.0 = Debug|Any CPU
		{2362EF0C-2045-496F-B8F8-81AA855B307A}.Release|Any CPU.ActiveCfg = Release|Any CPU
		{2362EF0C-2045-496F-B8F8-81AA855B307A}.Release|Any CPU.Build.0 = Release|Any CPU
		{2362EF0C-2045-496F-B8F8-81AA855B307A}.Release|x64.ActiveCfg = Release|Any CPU
		{2362EF0C-2045-496F-B8F8-81AA855B307A}.Release|x64.Build.0 = Release|Any CPU
		{2362EF0C-2045-496F-B8F8-81AA855B307A}.Release|x86.ActiveCfg = Release|Any CPU
		{2362EF0C-2045-496F-B8F8-81AA855B307A}.Release|x86.Build.0 = Release|Any CPU
		{2984A5B1-4ADC-4155-9D1B-B3FE4E5843E2}.Debug|Any CPU.ActiveCfg = Debug|Any CPU
		{2984A5B1-4ADC-4155-9D1B-B3FE4E5843E2}.Debug|Any CPU.Build.0 = Debug|Any CPU
		{2984A5B1-4ADC-4155-9D1B-B3FE4E5843E2}.Debug|x64.ActiveCfg = Debug|Any CPU
		{2984A5B1-4ADC-4155-9D1B-B3FE4E5843E2}.Debug|x64.Build.0 = Debug|Any CPU
		{2984A5B1-4ADC-4155-9D1B-B3FE4E5843E2}.Debug|x86.ActiveCfg = Debug|Any CPU
		{2984A5B1-4ADC-4155-9D1B-B3FE4E5843E2}.Debug|x86.Build.0 = Debug|Any CPU
		{2984A5B1-4ADC-4155-9D1B-B3FE4E5843E2}.Release|Any CPU.ActiveCfg = Release|Any CPU
		{2984A5B1-4ADC-4155-9D1B-B3FE4E5843E2}.Release|Any CPU.Build.0 = Release|Any CPU
		{2984A5B1-4ADC-4155-9D1B-B3FE4E5843E2}.Release|x64.ActiveCfg = Release|Any CPU
		{2984A5B1-4ADC-4155-9D1B-B3FE4E5843E2}.Release|x64.Build.0 = Release|Any CPU
		{2984A5B1-4ADC-4155-9D1B-B3FE4E5843E2}.Release|x86.ActiveCfg = Release|Any CPU
		{2984A5B1-4ADC-4155-9D1B-B3FE4E5843E2}.Release|x86.Build.0 = Release|Any CPU
		{09B94CE1-AA03-412C-B24F-2ABCFB07B25A}.Debug|Any CPU.ActiveCfg = Debug|Any CPU
		{09B94CE1-AA03-412C-B24F-2ABCFB07B25A}.Debug|Any CPU.Build.0 = Debug|Any CPU
		{09B94CE1-AA03-412C-B24F-2ABCFB07B25A}.Debug|x64.ActiveCfg = Debug|Any CPU
		{09B94CE1-AA03-412C-B24F-2ABCFB07B25A}.Debug|x64.Build.0 = Debug|Any CPU
		{09B94CE1-AA03-412C-B24F-2ABCFB07B25A}.Debug|x86.ActiveCfg = Debug|Any CPU
		{09B94CE1-AA03-412C-B24F-2ABCFB07B25A}.Debug|x86.Build.0 = Debug|Any CPU
		{09B94CE1-AA03-412C-B24F-2ABCFB07B25A}.Release|Any CPU.ActiveCfg = Release|Any CPU
		{09B94CE1-AA03-412C-B24F-2ABCFB07B25A}.Release|Any CPU.Build.0 = Release|Any CPU
		{09B94CE1-AA03-412C-B24F-2ABCFB07B25A}.Release|x64.ActiveCfg = Release|Any CPU
		{09B94CE1-AA03-412C-B24F-2ABCFB07B25A}.Release|x64.Build.0 = Release|Any CPU
		{09B94CE1-AA03-412C-B24F-2ABCFB07B25A}.Release|x86.ActiveCfg = Release|Any CPU
		{09B94CE1-AA03-412C-B24F-2ABCFB07B25A}.Release|x86.Build.0 = Release|Any CPU
	EndGlobalSection
	GlobalSection(SolutionProperties) = preSolution
		HideSolutionNode = FALSE
	EndGlobalSection
	GlobalSection(NestedProjects) = preSolution
		{7E78DE46-F3AE-B616-9FFC-FD7623391BDB} = {1ED04488-230B-86DB-8CF1-429704D2F8F4}
		{FDECBE39-1469-74AE-47F8-19D13D0E8850} = {1ED04488-230B-86DB-8CF1-429704D2F8F4}
		{4D4BEA7D-FA0E-2409-5F87-945E4B439EF7} = {1ED04488-230B-86DB-8CF1-429704D2F8F4}
		{55AB45E5-9836-7649-5792-D21010A4AE53} = {1ED04488-230B-86DB-8CF1-429704D2F8F4}
		{9BDE415C-D2EA-FB4B-13D6-E299C9AB19B2} = {1ED04488-230B-86DB-8CF1-429704D2F8F4}
		{2207018E-9AF3-37EE-C85D-E19F98C22582} = {1ED04488-230B-86DB-8CF1-429704D2F8F4}
		{718F5212-A89B-1220-615D-AE4A7304D5BF} = {1ED04488-230B-86DB-8CF1-429704D2F8F4}
		{4A0E66AD-998D-2E04-E6F1-BC0434CFEA39} = {1ED04488-230B-86DB-8CF1-429704D2F8F4}
		{B856D81C-900A-CBE4-6F5C-616802B0EDD0} = {1ED04488-230B-86DB-8CF1-429704D2F8F4}
		{F7B04DF6-267F-56CA-9955-2A6C17C8A135} = {1ED04488-230B-86DB-8CF1-429704D2F8F4}
		{4B6548B3-753B-46B5-BB77-46D0DE460DEC} = {1ED04488-230B-86DB-8CF1-429704D2F8F4}
		{2362EF0C-2045-496F-B8F8-81AA855B307A} = {1ED04488-230B-86DB-8CF1-429704D2F8F4}
		{2984A5B1-4ADC-4155-9D1B-B3FE4E5843E2} = {1ED04488-230B-86DB-8CF1-429704D2F8F4}
		{09B94CE1-AA03-412C-B24F-2ABCFB07B25A} = {1ED04488-230B-86DB-8CF1-429704D2F8F4}
	EndGlobalSection
	GlobalSection(ExtensibilityGlobals) = postSolution
		SolutionGuid = {C89F05E7-CE2A-4B45-9A9D-743D20B0F858}
	EndGlobalSection
EndGlobal
